
Microsoft Visual Studio Solution File, Format Version 12.00
# Visual Studio Version 17
VisualStudioVersion = 17.10.35013.160
MinimumVisualStudioVersion = 10.0.40219.1
Project("{FAE04EC0-301F-11D3-BF4B-00C04F79EFBC}") = "Challenge02a", "Challenge02a\Challenge02a.csproj", "{8D1AFD96-556E-4EFC-8A10-FCE9D3C88593}"
EndProject
Project("{FAE04EC0-301F-11D3-BF4B-00C04F79EFBC}") = "Domain", "Domain\Domain.csproj", "{77A0335D-57B1-46A3-894F-95C223078A25}"
EndProject
Project("{FAE04EC0-301F-11D3-BF4B-00C04F79EFBC}") = "Shared", "Shared\Shared.csproj", "{0CE99D50-F925-43BE-927F-ABED9BD2199A}"
EndProject
Project("{FAE04EC0-301F-11D3-BF4B-00C04F79EFBC}") = "Infrastructure", "Infrastructure\Infrastructure.csproj", "{8FAB9B4D-AF60-420B-BA1E-D24A4EC8D30B}"
EndProject
Project("{FAE04EC0-301F-11D3-BF4B-00C04F79EFBC}") = "Application", "Application\Application.csproj", "{D658DE14-317D-49AA-A9A9-01BDAF4B3713}"
EndProject
Global
	GlobalSection(SolutionConfigurationPlatforms) = preSolution
		Debug|Any CPU = Debug|Any CPU
		Release|Any CPU = Release|Any CPU
	EndGlobalSection
	GlobalSection(ProjectConfigurationPlatforms) = postSolution
		{8D1AFD96-556E-4EFC-8A10-FCE9D3C88593}.Debug|Any CPU.ActiveCfg = Debug|Any CPU
		{8D1AFD96-556E-4EFC-8A10-FCE9D3C88593}.Debug|Any CPU.Build.0 = Debug|Any CPU
		{8D1AFD96-556E-4EFC-8A10-FCE9D3C88593}.Release|Any CPU.ActiveCfg = Release|Any CPU
		{8D1AFD96-556E-4EFC-8A10-FCE9D3C88593}.Release|Any CPU.Build.0 = Release|Any CPU
		{77A0335D-57B1-46A3-894F-95C223078A25}.Debug|Any CPU.ActiveCfg = Debug|Any CPU
		{77A0335D-57B1-46A3-894F-95C223078A25}.Debug|Any CPU.Build.0 = Debug|Any CPU
		{77A0335D-57B1-46A3-894F-95C223078A25}.Release|Any CPU.ActiveCfg = Release|Any CPU
		{77A0335D-57B1-46A3-894F-95C223078A25}.Release|Any CPU.Build.0 = Release|Any CPU
		{0CE99D50-F925-43BE-927F-ABED9BD2199A}.Debug|Any CPU.ActiveCfg = Debug|Any CPU
		{0CE99D50-F925-43BE-927F-ABED9BD2199A}.Debug|Any CPU.Build.0 = Debug|Any CPU
		{0CE99D50-F925-43BE-927F-ABED9BD2199A}.Release|Any CPU.ActiveCfg = Release|Any CPU
		{0CE99D50-F925-43BE-927F-ABED9BD2199A}.Release|Any CPU.Build.0 = Release|Any CPU
		{8FAB9B4D-AF60-420B-BA1E-D24A4EC8D30B}.Debug|Any CPU.ActiveCfg = Debug|Any CPU
		{8FAB9B4D-AF60-420B-BA1E-D24A4EC8D30B}.Debug|Any CPU.Build.0 = Debug|Any CPU
		{8FAB9B4D-AF60-420B-BA1E-D24A4EC8D30B}.Release|Any CPU.ActiveCfg = Release|Any CPU
		{8FAB9B4D-AF60-420B-BA1E-D24A4EC8D30B}.Release|Any CPU.Build.0 = Release|Any CPU
		{D658DE14-317D-49AA-A9A9-01BDAF4B3713}.Debug|Any CPU.ActiveCfg = Debug|Any CPU
		{D658DE14-317D-49AA-A9A9-01BDAF4B3713}.Debug|Any CPU.Build.0 = Debug|Any CPU
		{D658DE14-317D-49AA-A9A9-01BDAF4B3713}.Release|Any CPU.ActiveCfg = Release|Any CPU
		{D658DE14-317D-49AA-A9A9-01BDAF4B3713}.Release|Any CPU.Build.0 = Release|Any CPU
	EndGlobalSection
	GlobalSection(SolutionProperties) = preSolution
		HideSolutionNode = FALSE
	EndGlobalSection
	GlobalSection(ExtensibilityGlobals) = postSolution
		SolutionGuid = {3CA676F1-1702-4F77-B148-BFE006059A50}
	EndGlobalSection
EndGlobal
